
Microsoft Visual Studio Solution File, Format Version 12.00
# Visual Studio Version 17
VisualStudioVersion = 17.7.34024.191
MinimumVisualStudioVersion = 10.0.40219.1
Project("{2150E333-8FDC-42A3-9474-1A3956D46DE8}") = "src", "src", "{BD69450A-36B4-4057-B51D-E8253BDE214E}"
EndProject
Project("{2150E333-8FDC-42A3-9474-1A3956D46DE8}") = "test", "test", "{55DF97D7-5A4B-4D78-ABDF-54E38D08AC72}"
EndProject
Project("{9A19103F-16F7-4668-BE54-9A1E7A4F7556}") = "Application", "src\Application\Application.csproj", "{B1B45FA2-48F3-492F-92DA-382A4A3D5D04}"
EndProject
Project("{9A19103F-16F7-4668-BE54-9A1E7A4F7556}") = "Web", "src\Web\Web.csproj", "{D6C7AF47-D9DF-41A2-A1AA-F5015BD2DBD5}"
EndProject
Project("{9A19103F-16F7-4668-BE54-9A1E7A4F7556}") = "Domain", "src\Domain\Domain.csproj", "{F9920D49-416C-42FC-B6C0-9B86FC2F19D1}"
EndProject
Project("{9A19103F-16F7-4668-BE54-9A1E7A4F7556}") = "Infrastructure", "src\Infrastructure\Infrastructure.csproj", "{53282CBE-6714-40E4-8956-346B9B3241C3}"
EndProject
Project("{2150E333-8FDC-42A3-9474-1A3956D46DE8}") = "Solution Items", "Solution Items", "{831F8EA5-A881-4E72-8BDE-93C46E6923EA}"
	ProjectSection(SolutionItems) = preProject
		azure-pipelines.yml = azure-pipelines.yml
		README.md = README.md
	EndProjectSection
EndProject
Project("{9A19103F-16F7-4668-BE54-9A1E7A4F7556}") = "Application.FunctionalTests", "test\Application.FunctionalTests\Application.FunctionalTests.csproj", "{236C5651-0721-4706-AACE-DFBEA88E3E97}"
EndProject
Global
	GlobalSection(SolutionConfigurationPlatforms) = preSolution
		Debug|Any CPU = Debug|Any CPU
		Release|Any CPU = Release|Any CPU
	EndGlobalSection
	GlobalSection(ProjectConfigurationPlatforms) = postSolution
		{B1B45FA2-48F3-492F-92DA-382A4A3D5D04}.Debug|Any CPU.ActiveCfg = Debug|Any CPU
		{B1B45FA2-48F3-492F-92DA-382A4A3D5D04}.Debug|Any CPU.Build.0 = Debug|Any CPU
		{B1B45FA2-48F3-492F-92DA-382A4A3D5D04}.Release|Any CPU.ActiveCfg = Release|Any CPU
		{B1B45FA2-48F3-492F-92DA-382A4A3D5D04}.Release|Any CPU.Build.0 = Release|Any CPU
		{D6C7AF47-D9DF-41A2-A1AA-F5015BD2DBD5}.Debug|Any CPU.ActiveCfg = Debug|Any CPU
		{D6C7AF47-D9DF-41A2-A1AA-F5015BD2DBD5}.Debug|Any CPU.Build.0 = Debug|Any CPU
		{D6C7AF47-D9DF-41A2-A1AA-F5015BD2DBD5}.Release|Any CPU.ActiveCfg = Release|Any CPU
		{D6C7AF47-D9DF-41A2-A1AA-F5015BD2DBD5}.Release|Any CPU.Build.0 = Release|Any CPU
		{F9920D49-416C-42FC-B6C0-9B86FC2F19D1}.Debug|Any CPU.ActiveCfg = Debug|Any CPU
		{F9920D49-416C-42FC-B6C0-9B86FC2F19D1}.Debug|Any CPU.Build.0 = Debug|Any CPU
		{F9920D49-416C-42FC-B6C0-9B86FC2F19D1}.Release|Any CPU.ActiveCfg = Release|Any CPU
		{F9920D49-416C-42FC-B6C0-9B86FC2F19D1}.Release|Any CPU.Build.0 = Release|Any CPU
		{53282CBE-6714-40E4-8956-346B9B3241C3}.Debug|Any CPU.ActiveCfg = Debug|Any CPU
		{53282CBE-6714-40E4-8956-346B9B3241C3}.Debug|Any CPU.Build.0 = Debug|Any CPU
		{53282CBE-6714-40E4-8956-346B9B3241C3}.Release|Any CPU.ActiveCfg = Release|Any CPU
		{53282CBE-6714-40E4-8956-346B9B3241C3}.Release|Any CPU.Build.0 = Release|Any CPU
		{236C5651-0721-4706-AACE-DFBEA88E3E97}.Debug|Any CPU.ActiveCfg = Debug|Any CPU
		{236C5651-0721-4706-AACE-DFBEA88E3E97}.Debug|Any CPU.Build.0 = Debug|Any CPU
		{236C5651-0721-4706-AACE-DFBEA88E3E97}.Release|Any CPU.ActiveCfg = Release|Any CPU
		{236C5651-0721-4706-AACE-DFBEA88E3E97}.Release|Any CPU.Build.0 = Release|Any CPU
	EndGlobalSection
	GlobalSection(SolutionProperties) = preSolution
		HideSolutionNode = FALSE
	EndGlobalSection
	GlobalSection(NestedProjects) = preSolution
		{B1B45FA2-48F3-492F-92DA-382A4A3D5D04} = {BD69450A-36B4-4057-B51D-E8253BDE214E}
		{D6C7AF47-D9DF-41A2-A1AA-F5015BD2DBD5} = {BD69450A-36B4-4057-B51D-E8253BDE214E}
		{F9920D49-416C-42FC-B6C0-9B86FC2F19D1} = {BD69450A-36B4-4057-B51D-E8253BDE214E}
		{53282CBE-6714-40E4-8956-346B9B3241C3} = {BD69450A-36B4-4057-B51D-E8253BDE214E}
		{236C5651-0721-4706-AACE-DFBEA88E3E97} = {55DF97D7-5A4B-4D78-ABDF-54E38D08AC72}
	EndGlobalSection
	GlobalSection(ExtensibilityGlobals) = postSolution
		SolutionGuid = {E39050A8-CC5F-40C7-A36D-B9C1D7A13EA3}
	EndGlobalSection
EndGlobal
